
Microsoft Visual Studio Solution File, Format Version 12.00
# Visual Studio Version 16
VisualStudioVersion = 16.0.30011.22
MinimumVisualStudioVersion = 10.0.40219.1
Project("{FAE04EC0-301F-11D3-BF4B-00C04F79EFBC}") = "RegistroPedidos", "RegistroPedidos\RegistroPedidos.csproj", "{C1FB54D5-AB0C-47C4-9BA6-49EB59469956}"
EndProject
Project("{FAE04EC0-301F-11D3-BF4B-00C04F79EFBC}") = "RegistroPedidosTests", "RegistroPedidosTests\RegistroPedidosTests.csproj", "{829F3EE2-E8F1-4F4E-ACEC-8806CB6A3FF1}"
EndProject
Global
	GlobalSection(SolutionConfigurationPlatforms) = preSolution
		Debug|Any CPU = Debug|Any CPU
		Release|Any CPU = Release|Any CPU
	EndGlobalSection
	GlobalSection(ProjectConfigurationPlatforms) = postSolution
		{C1FB54D5-AB0C-47C4-9BA6-49EB59469956}.Debug|Any CPU.ActiveCfg = Debug|Any CPU
		{C1FB54D5-AB0C-47C4-9BA6-49EB59469956}.Debug|Any CPU.Build.0 = Debug|Any CPU
		{C1FB54D5-AB0C-47C4-9BA6-49EB59469956}.Release|Any CPU.ActiveCfg = Release|Any CPU
		{C1FB54D5-AB0C-47C4-9BA6-49EB59469956}.Release|Any CPU.Build.0 = Release|Any CPU
		{829F3EE2-E8F1-4F4E-ACEC-8806CB6A3FF1}.Debug|Any CPU.ActiveCfg = Debug|Any CPU
		{829F3EE2-E8F1-4F4E-ACEC-8806CB6A3FF1}.Debug|Any CPU.Build.0 = Debug|Any CPU
		{829F3EE2-E8F1-4F4E-ACEC-8806CB6A3FF1}.Release|Any CPU.ActiveCfg = Release|Any CPU
		{829F3EE2-E8F1-4F4E-ACEC-8806CB6A3FF1}.Release|Any CPU.Build.0 = Release|Any CPU
	EndGlobalSection
	GlobalSection(SolutionProperties) = preSolution
		HideSolutionNode = FALSE
	EndGlobalSection
	GlobalSection(ExtensibilityGlobals) = postSolution
		SolutionGuid = {7E85D129-C240-4994-9587-9B8E90DCE84C}
	EndGlobalSection
EndGlobal
